{
  "requires": true,
  "lockfileVersion": 1,
  "dependencies": {
    "font-awesome": {
      "version": "4.7.0",
      "resolved": "https://registry.npmjs.org/font-awesome/-/font-awesome-4.7.0.tgz",
      "integrity": "sha1-j6jPBBGhoxr9B7BtKQK7n8gVoTM="
    },
    "install": {
      "version": "0.12.1",
      "resolved": "https://registry.npmjs.org/install/-/install-0.12.1.tgz",
      "integrity": "sha512-TvL+PMlxSo+uGMIBjgBdtBb3mOLa00R2cjtvExOCsKLDeGo/YlGjMkrMmgEUTkjIaGeELZzaktN9ljo3v+bBaA=="
    },
    "primeng": {
      "version": "6.1.4",
      "resolved": "https://registry.npmjs.org/primeng/-/primeng-6.1.4.tgz",
      "integrity": "sha512-z9jkgvaOveWtylpQXp1wOZtLNcnJuivdot6EpquPGV8oBjKMxFX+2k0NbTwDINldR384rurxUd8830Wk9/Z9Nw=="
    }
  }
}
